
Microsoft Visual Studio Solution File, Format Version 12.00
# Visual Studio 15
VisualStudioVersion = 15.0.26430.6
MinimumVisualStudioVersion = 10.0.40219.1
Project("{FAE04EC0-301F-11D3-BF4B-00C04F79EFBC}") = "CC.Core", "CC.Core\CC.Core.csproj", "{9F906563-9238-43E7-BEC7-240B11C09EDE}"
EndProject
Project("{FAE04EC0-301F-11D3-BF4B-00C04F79EFBC}") = "CC-AI-Console", "CC-AI-Console\CC-AI-Console.csproj", "{DFC9D860-9BE4-4C9A-ACD5-57EF7C5D498A}"
EndProject
Project("{FAE04EC0-301F-11D3-BF4B-00C04F79EFBC}") = "CC.AI.Test", "CC.AI.Test\CC.AI.Test.csproj", "{1662776E-0FAA-42CF-BD7F-AC8BE15161BD}"
EndProject
Global
	GlobalSection(SolutionConfigurationPlatforms) = preSolution
		Debug|Any CPU = Debug|Any CPU
		Debug|x86 = Debug|x86
		Release|Any CPU = Release|Any CPU
		Release|x86 = Release|x86
	EndGlobalSection
	GlobalSection(ProjectConfigurationPlatforms) = postSolution
		{9F906563-9238-43E7-BEC7-240B11C09EDE}.Debug|Any CPU.ActiveCfg = Debug|Any CPU
		{9F906563-9238-43E7-BEC7-240B11C09EDE}.Debug|Any CPU.Build.0 = Debug|Any CPU
		{9F906563-9238-43E7-BEC7-240B11C09EDE}.Debug|x86.ActiveCfg = Debug|Any CPU
		{9F906563-9238-43E7-BEC7-240B11C09EDE}.Debug|x86.Build.0 = Debug|Any CPU
		{9F906563-9238-43E7-BEC7-240B11C09EDE}.Release|Any CPU.ActiveCfg = Release|Any CPU
		{9F906563-9238-43E7-BEC7-240B11C09EDE}.Release|Any CPU.Build.0 = Release|Any CPU
		{9F906563-9238-43E7-BEC7-240B11C09EDE}.Release|x86.ActiveCfg = Release|Any CPU
		{9F906563-9238-43E7-BEC7-240B11C09EDE}.Release|x86.Build.0 = Release|Any CPU
		{DFC9D860-9BE4-4C9A-ACD5-57EF7C5D498A}.Debug|Any CPU.ActiveCfg = Debug|Any CPU
		{DFC9D860-9BE4-4C9A-ACD5-57EF7C5D498A}.Debug|Any CPU.Build.0 = Debug|Any CPU
		{DFC9D860-9BE4-4C9A-ACD5-57EF7C5D498A}.Debug|x86.ActiveCfg = Debug|Any CPU
		{DFC9D860-9BE4-4C9A-ACD5-57EF7C5D498A}.Debug|x86.Build.0 = Debug|Any CPU
		{DFC9D860-9BE4-4C9A-ACD5-57EF7C5D498A}.Release|Any CPU.ActiveCfg = Release|Any CPU
		{DFC9D860-9BE4-4C9A-ACD5-57EF7C5D498A}.Release|Any CPU.Build.0 = Release|Any CPU
		{DFC9D860-9BE4-4C9A-ACD5-57EF7C5D498A}.Release|x86.ActiveCfg = Release|Any CPU
		{DFC9D860-9BE4-4C9A-ACD5-57EF7C5D498A}.Release|x86.Build.0 = Release|Any CPU
		{1662776E-0FAA-42CF-BD7F-AC8BE15161BD}.Debug|Any CPU.ActiveCfg = Debug|Any CPU
		{1662776E-0FAA-42CF-BD7F-AC8BE15161BD}.Debug|Any CPU.Build.0 = Debug|Any CPU
		{1662776E-0FAA-42CF-BD7F-AC8BE15161BD}.Debug|x86.ActiveCfg = Debug|Any CPU
		{1662776E-0FAA-42CF-BD7F-AC8BE15161BD}.Debug|x86.Build.0 = Debug|Any CPU
		{1662776E-0FAA-42CF-BD7F-AC8BE15161BD}.Release|Any CPU.ActiveCfg = Release|Any CPU
		{1662776E-0FAA-42CF-BD7F-AC8BE15161BD}.Release|Any CPU.Build.0 = Release|Any CPU
		{1662776E-0FAA-42CF-BD7F-AC8BE15161BD}.Release|x86.ActiveCfg = Release|Any CPU
		{1662776E-0FAA-42CF-BD7F-AC8BE15161BD}.Release|x86.Build.0 = Release|Any CPU
	EndGlobalSection
	GlobalSection(SolutionProperties) = preSolution
		HideSolutionNode = FALSE
	EndGlobalSection
EndGlobal
